github.com/golang/freetype v0.0.0-20170609003504-e2365dfdc4a0/go.mod h1:E/TSTwGwJL78qG/PmXZO1EjYhfJinVAhrmmHX6Z8B9k=
github.com/hybridgroup/gocv v0.18.0/go.mod h1:gohxWQsZShq3UgYtoLJV1GvxzYt+UNr0gyX5VdKdkFk=
github.com/kaepa3/effector v0.0.0-20170203064527-1780955f48c8/go.mod h1:90q77b981EntiEDWz3jPA86hl5SQamjRrtAidvvdpdc=
github.com/po3rin/go-image-manipulation v0.0.0-20190303153604-6ca6b73a86ff h1:v8qVzS7wRfJdmcCxZ19eIusaBcKQ+AUVKMigQOtkrQI=
github.com/po3rin/go-image-manipulation v0.0.0-20190303153604-6ca6b73a86ff/go.mod h1:j7SGIVBjeOAE22fgRPxwrl9vySiblanR0UQosmbx5zU=
gocv.io/x/gocv v0.18.0/go.mod h1:3qacsKAMRS0sZmeLySWcbFeVEU3t86igWaQleAgiuBg=
golang.org/x/image v0.0.0-20190227222117-0694c2d4d067/go.mod h1:kZ7UVZpmo3dzQBMxlp+ypCbDeSB+sBbTgSJuh5dn5js=
golang.org/x/text v0.3.0/go.mod h1:NqM8EUOU14njkJ3fqMW+pc6Ldnwhi/IjpwHt7yyuwOQ=
